
Microsoft Visual Studio Solution File, Format Version 12.00
# Visual Studio Version 17
VisualStudioVersion = 17.5.33627.172
MinimumVisualStudioVersion = 10.0.40219.1
Project("{FAE04EC0-301F-11D3-BF4B-00C04F79EFBC}") = "SaraJack", "SaraJack\SaraJack.csproj", "{7439018D-604C-4760-9B6D-81966DCFDC16}"
EndProject
Global
	GlobalSection(SolutionConfigurationPlatforms) = preSolution
		Debug|Any CPU = Debug|Any CPU
		Release|Any CPU = Release|Any CPU
	EndGlobalSection
	GlobalSection(ProjectConfigurationPlatforms) = postSolution
		{7439018D-604C-4760-9B6D-81966DCFDC16}.Debug|Any CPU.ActiveCfg = Debug|Any CPU
		{7439018D-604C-4760-9B6D-81966DCFDC16}.Debug|Any CPU.Build.0 = Debug|Any CPU
		{7439018D-604C-4760-9B6D-81966DCFDC16}.Release|Any CPU.ActiveCfg = Release|Any CPU
		{7439018D-604C-4760-9B6D-81966DCFDC16}.Release|Any CPU.Build.0 = Release|Any CPU
	EndGlobalSection
	GlobalSection(SolutionProperties) = preSolution
		HideSolutionNode = FALSE
	EndGlobalSection
	GlobalSection(ExtensibilityGlobals) = postSolution
		SolutionGuid = {5929E110-85E5-42E7-9100-16A968822DA9}
	EndGlobalSection
EndGlobal
